<?xml version="1.0" encoding="utf-8"?>
<Project ToolsVersion="4.0" xmlns="http://schemas.microsoft.com/developer/msbuild/2003">
  <ItemGroup>
    <Filter Include="Исходные файлы">
      <UniqueIdentifier>{4FC737F1-C7A5-4376-A066-2A32D752A2FF}</UniqueIdentifier>
      <Extensions>cpp;c;cc;cxx;c++;cppm;ixx;def;odl;idl;hpj;bat;asm;asmx</Extensions>
    </Filter>
    <Filter Include="Файлы заголовков">
      <UniqueIdentifier>{93995380-89BD-4b04-88EB-625FBE52EBFB}</UniqueIdentifier>
      <Extensions>h;hh;hpp;hxx;h++;hm;inl;inc;ipp;xsd</Extensions>
    </Filter>
    <Filter Include="Файлы ресурсов">
      <UniqueIdentifier>{67DA6AB6-F800-4c08-8B7A-83BB121AAD01}</UniqueIdentifier>
      <Extensions>rc;ico;cur;bmp;dlg;rc2;rct;bin;rgs;gif;jpg;jpeg;jpe;resx;tiff;tif;png;wav;mfcribbon-ms</Extensions>
    </Filter>
    <Filter Include="Исходные файлы\Task7">
      <UniqueIdentifier>{f3995dc2-3112-4179-bd4c-94d018736b40}</UniqueIdentifier>
    </Filter>
    <Filter Include="Исходные файлы\Task8">
      <UniqueIdentifier>{5af3ed43-9465-4099-8084-98f7ead98307}</UniqueIdentifier>
    </Filter>
    <Filter Include="Исходные файлы\Task9">
      <UniqueIdentifier>{dbefea32-4f8d-466b-bce8-54363fa45c0d}</UniqueIdentifier>
    </Filter>
    <Filter Include="Исходные файлы\Task10">
      <UniqueIdentifier>{f4260cba-80d8-41d0-a9e3-91f11eedb04c}</UniqueIdentifier>
    </Filter>
  </ItemGroup>
  <ItemGroup>
    <ClCompile Include="zad7.c">
      <Filter>Исходные файлы\Task7</Filter>
    </ClCompile>
    <ClCompile Include="Code.c">
      <Filter>Исходные файлы\Task8</Filter>
    </ClCompile>
    <ClCompile Include="Task9.cpp">
      <Filter>Исходные файлы\Task9</Filter>
    </ClCompile>
    <ClCompile Include="Task10.cpp">
      <Filter>Исходные файлы\Task10</Filter>
    </ClCompile>
  </ItemGroup>
  <ItemGroup>
    <Text Include="print1.txt">
      <Filter>Исходные файлы\Task7</Filter>
    </Text>
    <Text Include="print8.txt">
      <Filter>Исходные файлы\Task8</Filter>
    </Text>
    <Text Include="print9.txt">
      <Filter>Исходные файлы\Task9</Filter>
    </Text>
  </ItemGroup>
</Project>